{
  "name": "yanylevin",
  "version": "1.0.0",
  "lockfileVersion": 3,
  "requires": true,
  "packages": {
    "": {
      "name": "yanylevin",
      "version": "1.0.0",
      "dependencies": {
        "jose": "^6.2.4"
      },
      "engines": {
        "node": ">=20"
      }
    },
    "node_modules/jose": {
      "version": "6.2.4",
      "resolved": "https://registry.npmjs.org/jose/-/jose-6.2.4.tgz",
      "integrity": "sha512-N8acGzVsQy6M/fjFcxtysNc4Q379TcM5dM/qKkNtsHFji88yANnXTr7BLeP75iPnFwBfQzM/jg2BZ9+HZrHCZA==",
      "license": "MIT",
      "funding": {
        "url": "https://github.com/sponsors/panva"
      }
    }
  }
}
